// !$*UTF8*$!
{
	archiveVersion = 1;
	classes = {
	};
	objectVersion = 46;
	objects = {

/* Begin PBXBuildFile section */
		2C0E15AC13589B0B004096C7 /* UIKit.framework in Frameworks */ = {isa = PBXBuildFile; fileRef = 2C0E15AB13589B0B004096C7 /* UIKit.framework */; };
		2C0E15AE13589B0B004096C7 /* Foundation.framework in Frameworks */ = {isa = PBXBuildFile; fileRef = 2C0E15AD13589B0B004096C7 /* Foundation.framework */; };
		2C0E15B013589B0B004096C7 /* CoreGraphics.framework in Frameworks */ = {isa = PBXBuildFile; fileRef = 2C0E15AF13589B0B004096C7 /* CoreGraphics.framework */; };
		2C1BB5CE168B97960026F266 /* KurtStory.txt in Resources */ = {isa = PBXBuildFile; fileRef = 2C1BB5CB168B91F50026F266 /* KurtStory.txt */; };
		2C35AD6F167E02E000BA5F79 /* SenTestingKit.framework in Frameworks */ = {isa = PBXBuildFile; fileRef = 2C754C9D14B3A1D700105B5E /* SenTestingKit.framework */; };
		2C35AD70167E02E000BA5F79 /* UIKit.framework in Frameworks */ = {isa = PBXBuildFile; fileRef = 2C0E15AB13589B0B004096C7 /* UIKit.framework */; };
		2C35AD71167E02E000BA5F79 /* Foundation.framework in Frameworks */ = {isa = PBXBuildFile; fileRef = 2C0E15AD13589B0B004096C7 /* Foundation.framework */; };
		2C35AD77167E02E000BA5F79 /* InfoPlist.strings in Resources */ = {isa = PBXBuildFile; fileRef = 2C35AD75167E02E000BA5F79 /* InfoPlist.strings */; };
		2C35AD83167E055A00BA5F79 /* StringDetectorTest.m in Sources */ = {isa = PBXBuildFile; fileRef = 2C35AD82167E055A00BA5F79 /* StringDetectorTest.m */; };
		2C38D8E713EF370700718B0D /* Security.framework in Frameworks */ = {isa = PBXBuildFile; fileRef = 2C38D8E613EF370700718B0D /* Security.framework */; };
		2C47505F13F3E48200BC2DB9 /* DocumentsView.m in Sources */ = {isa = PBXBuildFile; fileRef = 2C47505D13F3E48200BC2DB9 /* DocumentsView.m */; };
		2C77F7B41442381300767E6A /* Kurt the Cat.pdf in Resources */ = {isa = PBXBuildFile; fileRef = 2C77F7B31442381300767E6A /* Kurt the Cat.pdf */; };
		2C855590137B336C00D58482 /* QuartzCore.framework in Frameworks */ = {isa = PBXBuildFile; fileRef = 2C85558F137B336C00D58482 /* QuartzCore.framework */; };
		2CA0FC9413EEB11B0028DCCD /* RootViewController.m in Sources */ = {isa = PBXBuildFile; fileRef = 2CA0FC9313EEB11B0028DCCD /* RootViewController.m */; };
		2CA0FC9713EEB1210028DCCD /* PDFPage.m in Sources */ = {isa = PBXBuildFile; fileRef = 2CA0FC9613EEB1210028DCCD /* PDFPage.m */; };
		2CA0FCA113EEB1B80028DCCD /* Page.m in Sources */ = {isa = PBXBuildFile; fileRef = 2CA0FCA013EEB1B80028DCCD /* Page.m */; };
		2CA0FCA513EEB1C00028DCCD /* PageViewController.m in Sources */ = {isa = PBXBuildFile; fileRef = 2CA0FCA313EEB1C00028DCCD /* PageViewController.m */; };
		2CA0FCA613EEB1C00028DCCD /* PageViewController.xib in Resources */ = {isa = PBXBuildFile; fileRef = 2CA0FCA413EEB1C00028DCCD /* PageViewController.xib */; };
		2CC77EC114560E2E000E9B8E /* PDFPageDetailsView.m in Sources */ = {isa = PBXBuildFile; fileRef = 2CC77EC014560E2E000E9B8E /* PDFPageDetailsView.m */; };
		2CDC3F80138977C1006CC6FB /* InfoPlist.strings in Resources */ = {isa = PBXBuildFile; fileRef = 2CDC3F7A138977C0006CC6FB /* InfoPlist.strings */; };
		2CDC3F81138977C1006CC6FB /* MainWindow.xib in Resources */ = {isa = PBXBuildFile; fileRef = 2CDC3F7C138977C0006CC6FB /* MainWindow.xib */; };
		2CE7BC9D13896EF0009784B9 /* PageView.m in Sources */ = {isa = PBXBuildFile; fileRef = 2CE7BC9B13896EF0009784B9 /* PageView.m */; };
		2CE7BCAF13896EFB009784B9 /* main.m in Sources */ = {isa = PBXBuildFile; fileRef = 2CE7BCA013896EFB009784B9 /* main.m */; };
		2CE7BCB113896EFB009784B9 /* PDFKittenAppDelegate.m in Sources */ = {isa = PBXBuildFile; fileRef = 2CE7BCA413896EFB009784B9 /* PDFKittenAppDelegate.m */; };
		87472C74177DB7DF00899C6C /* PDFStringDetector.m in Sources */ = {isa = PBXBuildFile; fileRef = 87472C72177DB7DF00899C6C /* PDFStringDetector.m */; };
		87472C79177DB7EE00899C6C /* PDFRenderingState.m in Sources */ = {isa = PBXBuildFile; fileRef = 87472C76177DB7EE00899C6C /* PDFRenderingState.m */; };
		87472C7A177DB7EE00899C6C /* RenderingStateStack.m in Sources */ = {isa = PBXBuildFile; fileRef = 87472C78177DB7EE00899C6C /* RenderingStateStack.m */; };
		87472C85177DB80200899C6C /* FontFile.m in Sources */ = {isa = PBXBuildFile; fileRef = 87472C7C177DB80200899C6C /* FontFile.m */; };
		87472C86177DB80200899C6C /* PDFCMap.m in Sources */ = {isa = PBXBuildFile; fileRef = 87472C7E177DB80200899C6C /* PDFCMap.m */; };
		87472C87177DB80200899C6C /* PDFFont.m in Sources */ = {isa = PBXBuildFile; fileRef = 87472C80177DB80200899C6C /* PDFFont.m */; };
		87472C88177DB80200899C6C /* PDFFontCollection.m in Sources */ = {isa = PBXBuildFile; fileRef = 87472C82177DB80200899C6C /* PDFFontCollection.m */; };
		87472C89177DB80200899C6C /* PDFFontDescriptor.m in Sources */ = {isa = PBXBuildFile; fileRef = 87472C84177DB80200899C6C /* PDFFontDescriptor.m */; };
		87472C8E177DB81400899C6C /* CompositeFont.m in Sources */ = {isa = PBXBuildFile; fileRef = 87472C8B177DB81400899C6C /* CompositeFont.m */; };
		87472C8F177DB81400899C6C /* Type0Font.m in Sources */ = {isa = PBXBuildFile; fileRef = 87472C8D177DB81400899C6C /* Type0Font.m */; };
		87472C97177DB82900899C6C /* CIDFont.m in Sources */ = {isa = PBXBuildFile; fileRef = 87472C92177DB82900899C6C /* CIDFont.m */; };
		87472C98177DB82900899C6C /* CIDType0Font.m in Sources */ = {isa = PBXBuildFile; fileRef = 87472C94177DB82900899C6C /* CIDType0Font.m */; };
		87472C99177DB82900899C6C /* CIDType2Font.m in Sources */ = {isa = PBXBuildFile; fileRef = 87472C96177DB82900899C6C /* CIDType2Font.m */; };
		87472CA4177DB83D00899C6C /* MMType1Font.m in Sources */ = {isa = PBXBuildFile; fileRef = 87472C9B177DB83D00899C6C /* MMType1Font.m */; };
		87472CA5177DB83D00899C6C /* SimpleFont.m in Sources */ = {isa = PBXBuildFile; fileRef = 87472C9D177DB83D00899C6C /* SimpleFont.m */; };
		87472CA6177DB83D00899C6C /* TrueTypeFont.m in Sources */ = {isa = PBXBuildFile; fileRef = 87472C9F177DB83D00899C6C /* TrueTypeFont.m */; };
		87472CA7177DB83D00899C6C /* Type1Font.m in Sources */ = {isa = PBXBuildFile; fileRef = 87472CA1177DB83D00899C6C /* Type1Font.m */; };
		87472CA8177DB83D00899C6C /* Type3Font.m in Sources */ = {isa = PBXBuildFile; fileRef = 87472CA3177DB83D00899C6C /* Type3Font.m */; };
		87D5998517813B630087E81B /* PDFEncodingDifferences.m in Sources */ = {isa = PBXBuildFile; fileRef = 87D5998417813B630087E81B /* PDFEncodingDifferences.m */; };
		87D5998F17813C0C0087E81B /* adobe_charset in Resources */ = {isa = PBXBuildFile; fileRef = 87D5998D17813C0C0087E81B /* adobe_charset */; };
		87D5999017813C0C0087E81B /* adobe_glyphs in Resources */ = {isa = PBXBuildFile; fileRef = 87D5998E17813C0C0087E81B /* adobe_glyphs */; };
		87FD1536177DAEDA00070AAA /* Foundation.framework in Frameworks */ = {isa = PBXBuildFile; fileRef = 2C0E15AD13589B0B004096C7 /* Foundation.framework */; };
		87FD1545177DB04C00070AAA /* Security.framework in Frameworks */ = {isa = PBXBuildFile; fileRef = 2C38D8E613EF370700718B0D /* Security.framework */; };
		87FD1546177DB08900070AAA /* UIKit.framework in Frameworks */ = {isa = PBXBuildFile; fileRef = 2C0E15AB13589B0B004096C7 /* UIKit.framework */; };
		87FD1547177DB08F00070AAA /* CoreGraphics.framework in Frameworks */ = {isa = PBXBuildFile; fileRef = 2C0E15AF13589B0B004096C7 /* CoreGraphics.framework */; };
		87FD1548177DB09600070AAA /* QuartzCore.framework in Frameworks */ = {isa = PBXBuildFile; fileRef = 2C85558F137B336C00D58482 /* QuartzCore.framework */; };
		87FD1576177DB32200070AAA /* PDFScanner.m in Sources */ = {isa = PBXBuildFile; fileRef = 87FD1573177DB32200070AAA /* PDFScanner.m */; };
		87FD1577177DB32200070AAA /* PDFSelection.m in Sources */ = {isa = PBXBuildFile; fileRef = 87FD1575177DB32200070AAA /* PDFSelection.m */; };
		87FD158B177DB55800070AAA /* libPDFKittenLib.a in Frameworks */ = {isa = PBXBuildFile; fileRef = 87FD1535177DAEDA00070AAA /* libPDFKittenLib.a */; };
/* End PBXBuildFile section */

/* Begin PBXContainerItemProxy section */
		2C35AD7F167E035B00BA5F79 /* PBXContainerItemProxy */ = {
			isa = PBXContainerItemProxy;
			containerPortal = 2C0E159E13589B0B004096C7 /* Project object */;
			proxyType = 1;
			remoteGlobalIDString = 2C0E15A613589B0B004096C7;
			remoteInfo = PDFKitten;
		};
		87FD1589177DB55400070AAA /* PBXContainerItemProxy */ = {
			isa = PBXContainerItemProxy;
			containerPortal = 2C0E159E13589B0B004096C7 /* Project object */;
			proxyType = 1;
			remoteGlobalIDString = 87FD1534177DAEDA00070AAA;
			remoteInfo = PDFKittenLib;
		};
/* End PBXContainerItemProxy section */

/* Begin PBXCopyFilesBuildPhase section */
		87FD1533177DAEDA00070AAA /* CopyFiles */ = {
			isa = PBXCopyFilesBuildPhase;
			buildActionMask = 2147483647;
			dstPath = "include/${PRODUCT_NAME}";
			dstSubfolderSpec = 16;
			files = (
			);
			runOnlyForDeploymentPostprocessing = 0;
		};
/* End PBXCopyFilesBuildPhase section */

/* Begin PBXFileReference section */
		2C0E15AB13589B0B004096C7 /* UIKit.framework */ = {isa = PBXFileReference; lastKnownFileType = wrapper.framework; name = UIKit.framework; path = System/Library/Frameworks/UIKit.framework; sourceTree = SDKROOT; };
		2C0E15AD13589B0B004096C7 /* Foundation.framework */ = {isa = PBXFileReference; lastKnownFileType = wrapper.framework; name = Foundation.framework; path = System/Library/Frameworks/Foundation.framework; sourceTree = SDKROOT; };
		2C0E15AF13589B0B004096C7 /* CoreGraphics.framework */ = {isa = PBXFileReference; lastKnownFileType = wrapper.framework; name = CoreGraphics.framework; path = System/Library/Frameworks/CoreGraphics.framework; sourceTree = SDKROOT; };
		2C1BB5CB168B91F50026F266 /* KurtStory.txt */ = {isa = PBXFileReference; fileEncoding = 4; lastKnownFileType = text; path = KurtStory.txt; sourceTree = "<group>"; };
		2C35AD6E167E02E000BA5F79 /* PDFKittenTests.octest */ = {isa = PBXFileReference; explicitFileType = wrapper.cfbundle; includeInIndex = 0; path = PDFKittenTests.octest; sourceTree = BUILT_PRODUCTS_DIR; };
		2C35AD74167E02E000BA5F79 /* PDFKittenTests-Info.plist */ = {isa = PBXFileReference; lastKnownFileType = text.plist.xml; path = "PDFKittenTests-Info.plist"; sourceTree = "<group>"; };
		2C35AD76167E02E000BA5F79 /* en */ = {isa = PBXFileReference; lastKnownFileType = text.plist.strings; name = en; path = en.lproj/InfoPlist.strings; sourceTree = "<group>"; };
		2C35AD7B167E02E000BA5F79 /* PDFKittenTests-Prefix.pch */ = {isa = PBXFileReference; lastKnownFileType = sourcecode.c.h; path = "PDFKittenTests-Prefix.pch"; sourceTree = "<group>"; };
		2C35AD81167E055A00BA5F79 /* StringDetectorTest.h */ = {isa = PBXFileReference; fileEncoding = 4; lastKnownFileType = sourcecode.c.h; path = StringDetectorTest.h; sourceTree = "<group>"; };
		2C35AD82167E055A00BA5F79 /* StringDetectorTest.m */ = {isa = PBXFileReference; fileEncoding = 4; lastKnownFileType = sourcecode.c.objc; path = StringDetectorTest.m; sourceTree = "<group>"; };
		2C38D8E613EF370700718B0D /* Security.framework */ = {isa = PBXFileReference; lastKnownFileType = wrapper.framework; name = Security.framework; path = System/Library/Frameworks/Security.framework; sourceTree = SDKROOT; };
		2C47505C13F3E48200BC2DB9 /* DocumentsView.h */ = {isa = PBXFileReference; fileEncoding = 4; lastKnownFileType = sourcecode.c.h; name = DocumentsView.h; path = PDFKitten/DocumentsView.h; sourceTree = SOURCE_ROOT; };
		2C47505D13F3E48200BC2DB9 /* DocumentsView.m */ = {isa = PBXFileReference; fileEncoding = 4; lastKnownFileType = sourcecode.c.objc; name = DocumentsView.m; path = PDFKitten/DocumentsView.m; sourceTree = SOURCE_ROOT; };
		2C754C9D14B3A1D700105B5E /* SenTestingKit.framework */ = {isa = PBXFileReference; lastKnownFileType = wrapper.framework; name = SenTestingKit.framework; path = Library/Frameworks/SenTestingKit.framework; sourceTree = DEVELOPER_DIR; };
		2C77F7B31442381300767E6A /* Kurt the Cat.pdf */ = {isa = PBXFileReference; lastKnownFileType = image.pdf; name = "Kurt the Cat.pdf"; path = "PDFKitten/Samples/Kurt the Cat.pdf"; sourceTree = SOURCE_ROOT; };
		2C85558F137B336C00D58482 /* QuartzCore.framework */ = {isa = PBXFileReference; lastKnownFileType = wrapper.framework; name = QuartzCore.framework; path = System/Library/Frameworks/QuartzCore.framework; sourceTree = SDKROOT; };
		2CA0FC9213EEB11B0028DCCD /* RootViewController.h */ = {isa = PBXFileReference; fileEncoding = 4; lastKnownFileType = sourcecode.c.h; name = RootViewController.h; path = PDFKitten/RootViewController.h; sourceTree = SOURCE_ROOT; };
		2CA0FC9313EEB11B0028DCCD /* RootViewController.m */ = {isa = PBXFileReference; fileEncoding = 4; lastKnownFileType = sourcecode.c.objc; name = RootViewController.m; path = PDFKitten/RootViewController.m; sourceTree = SOURCE_ROOT; };
		2CA0FC9513EEB1210028DCCD /* PDFPage.h */ = {isa = PBXFileReference; fileEncoding = 4; lastKnownFileType = sourcecode.c.h; name = PDFPage.h; path = PDFKitten/PDFPage.h; sourceTree = SOURCE_ROOT; };
		2CA0FC9613EEB1210028DCCD /* PDFPage.m */ = {isa = PBXFileReference; fileEncoding = 4; lastKnownFileType = sourcecode.c.objc; name = PDFPage.m; path = PDFKitten/PDFPage.m; sourceTree = SOURCE_ROOT; };
		2CA0FC9F13EEB1B80028DCCD /* Page.h */ = {isa = PBXFileReference; fileEncoding = 4; lastKnownFileType = sourcecode.c.h; name = Page.h; path = PDFKitten/Page.h; sourceTree = SOURCE_ROOT; };
		2CA0FCA013EEB1B80028DCCD /* Page.m */ = {isa = PBXFileReference; fileEncoding = 4; lastKnownFileType = sourcecode.c.objc; name = Page.m; path = PDFKitten/Page.m; sourceTree = SOURCE_ROOT; };
		2CA0FCA213EEB1BF0028DCCD /* PageViewController.h */ = {isa = PBXFileReference; fileEncoding = 4; lastKnownFileType = sourcecode.c.h; name = PageViewController.h; path = PDFKitten/PageViewController.h; sourceTree = SOURCE_ROOT; };
		2CA0FCA313EEB1C00028DCCD /* PageViewController.m */ = {isa = PBXFileReference; fileEncoding = 4; lastKnownFileType = sourcecode.c.objc; name = PageViewController.m; path = PDFKitten/PageViewController.m; sourceTree = SOURCE_ROOT; };
		2CA0FCA413EEB1C00028DCCD /* PageViewController.xib */ = {isa = PBXFileReference; fileEncoding = 4; lastKnownFileType = file.xib; name = PageViewController.xib; path = PDFKitten/PageViewController.xib; sourceTree = SOURCE_ROOT; };
		2CC77EBF14560E2D000E9B8E /* PDFPageDetailsView.h */ = {isa = PBXFileReference; fileEncoding = 4; lastKnownFileType = sourcecode.c.h; name = PDFPageDetailsView.h; path = PDFKitten/PDFPageDetailsView.h; sourceTree = SOURCE_ROOT; };
		2CC77EC014560E2E000E9B8E /* PDFPageDetailsView.m */ = {isa = PBXFileReference; fileEncoding = 4; lastKnownFileType = sourcecode.c.objc; name = PDFPageDetailsView.m; path = PDFKitten/PDFPageDetailsView.m; sourceTree = SOURCE_ROOT; };
		2CDC3F7B138977C0006CC6FB /* en */ = {isa = PBXFileReference; lastKnownFileType = text.plist.strings; name = en; path = PDFKitten/en.lproj/InfoPlist.strings; sourceTree = SOURCE_ROOT; };
		2CDC3F7D138977C1006CC6FB /* en */ = {isa = PBXFileReference; lastKnownFileType = file.xib; name = en; path = PDFKitten/en.lproj/MainWindow.xib; sourceTree = SOURCE_ROOT; };
		2CE7BC491389674B009784B9 /* PDFKitten.app */ = {isa = PBXFileReference; explicitFileType = wrapper.application; includeInIndex = 0; path = PDFKitten.app; sourceTree = BUILT_PRODUCTS_DIR; };
		2CE7BC9A13896EF0009784B9 /* PageView.h */ = {isa = PBXFileReference; fileEncoding = 4; lastKnownFileType = sourcecode.c.h; name = PageView.h; path = PDFKitten/PageView.h; sourceTree = SOURCE_ROOT; };
		2CE7BC9B13896EF0009784B9 /* PageView.m */ = {isa = PBXFileReference; fileEncoding = 4; lastKnownFileType = sourcecode.c.objc; name = PageView.m; path = PDFKitten/PageView.m; sourceTree = SOURCE_ROOT; };
		2CE7BC9F13896EFB009784B9 /* PDFKitten-Prefix.pch */ = {isa = PBXFileReference; fileEncoding = 4; lastKnownFileType = sourcecode.c.h; name = "PDFKitten-Prefix.pch"; path = "PDFKitten/PDFKitten-Prefix.pch"; sourceTree = SOURCE_ROOT; };
		2CE7BCA013896EFB009784B9 /* main.m */ = {isa = PBXFileReference; fileEncoding = 4; lastKnownFileType = sourcecode.c.objc; name = main.m; path = PDFKitten/main.m; sourceTree = SOURCE_ROOT; };
		2CE7BCA313896EFB009784B9 /* PDFKittenAppDelegate.h */ = {isa = PBXFileReference; fileEncoding = 4; lastKnownFileType = sourcecode.c.h; name = PDFKittenAppDelegate.h; path = PDFKitten/PDFKittenAppDelegate.h; sourceTree = SOURCE_ROOT; };
		2CE7BCA413896EFB009784B9 /* PDFKittenAppDelegate.m */ = {isa = PBXFileReference; fileEncoding = 4; lastKnownFileType = sourcecode.c.objc; name = PDFKittenAppDelegate.m; path = PDFKitten/PDFKittenAppDelegate.m; sourceTree = SOURCE_ROOT; };
		2CE7BCAA13896EFB009784B9 /* PDFKitten-Info.plist */ = {isa = PBXFileReference; fileEncoding = 4; lastKnownFileType = text.plist.xml; name = "PDFKitten-Info.plist"; path = "PDFKitten/PDFKitten-Info.plist"; sourceTree = SOURCE_ROOT; };
		87472C71177DB7DF00899C6C /* PDFStringDetector.h */ = {isa = PBXFileReference; fileEncoding = 4; lastKnownFileType = sourcecode.c.h; name = PDFStringDetector.h; path = Core/PDFStringDetector.h; sourceTree = "<group>"; };
		87472C72177DB7DF00899C6C /* PDFStringDetector.m */ = {isa = PBXFileReference; fileEncoding = 4; lastKnownFileType = sourcecode.c.objc; name = PDFStringDetector.m; path = Core/PDFStringDetector.m; sourceTree = "<group>"; };
		87472C73177DB7DF00899C6C /* PDFStringDetectorDelegate.h */ = {isa = PBXFileReference; fileEncoding = 4; lastKnownFileType = sourcecode.c.h; name = PDFStringDetectorDelegate.h; path = Core/PDFStringDetectorDelegate.h; sourceTree = "<group>"; };
		87472C75177DB7EE00899C6C /* PDFRenderingState.h */ = {isa = PBXFileReference; fileEncoding = 4; lastKnownFileType = sourcecode.c.h; name = PDFRenderingState.h; path = Core/PDFRenderingState.h; sourceTree = "<group>"; };
		87472C76177DB7EE00899C6C /* PDFRenderingState.m */ = {isa = PBXFileReference; fileEncoding = 4; lastKnownFileType = sourcecode.c.objc; name = PDFRenderingState.m; path = Core/PDFRenderingState.m; sourceTree = "<group>"; };
		87472C77177DB7EE00899C6C /* RenderingStateStack.h */ = {isa = PBXFileReference; fileEncoding = 4; lastKnownFileType = sourcecode.c.h; name = RenderingStateStack.h; path = Core/RenderingStateStack.h; sourceTree = "<group>"; };
		87472C78177DB7EE00899C6C /* RenderingStateStack.m */ = {isa = PBXFileReference; fileEncoding = 4; lastKnownFileType = sourcecode.c.objc; name = RenderingStateStack.m; path = Core/RenderingStateStack.m; sourceTree = "<group>"; };
		87472C7B177DB80200899C6C /* FontFile.h */ = {isa = PBXFileReference; fileEncoding = 4; lastKnownFileType = sourcecode.c.h; name = FontFile.h; path = Core/FontFile.h; sourceTree = "<group>"; };
		87472C7C177DB80200899C6C /* FontFile.m */ = {isa = PBXFileReference; fileEncoding = 4; lastKnownFileType = sourcecode.c.objc; name = FontFile.m; path = Core/FontFile.m; sourceTree = "<group>"; };
		87472C7D177DB80200899C6C /* PDFCMap.h */ = {isa = PBXFileReference; fileEncoding = 4; lastKnownFileType = sourcecode.c.h; name = PDFCMap.h; path = Core/PDFCMap.h; sourceTree = "<group>"; };
		87472C7E177DB80200899C6C /* PDFCMap.m */ = {isa = PBXFileReference; fileEncoding = 4; lastKnownFileType = sourcecode.c.objc; name = PDFCMap.m; path = Core/PDFCMap.m; sourceTree = "<group>"; };
		87472C7F177DB80200899C6C /* PDFFont.h */ = {isa = PBXFileReference; fileEncoding = 4; lastKnownFileType = sourcecode.c.h; name = PDFFont.h; path = Core/PDFFont.h; sourceTree = "<group>"; };
		87472C80177DB80200899C6C /* PDFFont.m */ = {isa = PBXFileReference; fileEncoding = 4; lastKnownFileType = sourcecode.c.objc; name = PDFFont.m; path = Core/PDFFont.m; sourceTree = "<group>"; };
		87472C81177DB80200899C6C /* PDFFontCollection.h */ = {isa = PBXFileReference; fileEncoding = 4; lastKnownFileType = sourcecode.c.h; name = PDFFontCollection.h; path = Core/PDFFontCollection.h; sourceTree = "<group>"; };
		87472C82177DB80200899C6C /* PDFFontCollection.m */ = {isa = PBXFileReference; fileEncoding = 4; lastKnownFileType = sourcecode.c.objc; name = PDFFontCollection.m; path = Core/PDFFontCollection.m; sourceTree = "<group>"; };
		87472C83177DB80200899C6C /* PDFFontDescriptor.h */ = {isa = PBXFileReference; fileEncoding = 4; lastKnownFileType = sourcecode.c.h; name = PDFFontDescriptor.h; path = Core/PDFFontDescriptor.h; sourceTree = "<group>"; };
		87472C84177DB80200899C6C /* PDFFontDescriptor.m */ = {isa = PBXFileReference; fileEncoding = 4; lastKnownFileType = sourcecode.c.objc; name = PDFFontDescriptor.m; path = Core/PDFFontDescriptor.m; sourceTree = "<group>"; };
		87472C8A177DB81400899C6C /* CompositeFont.h */ = {isa = PBXFileReference; fileEncoding = 4; lastKnownFileType = sourcecode.c.h; name = CompositeFont.h; path = Core/CompositeFont.h; sourceTree = "<group>"; };
		87472C8B177DB81400899C6C /* CompositeFont.m */ = {isa = PBXFileReference; fileEncoding = 4; lastKnownFileType = sourcecode.c.objc; name = CompositeFont.m; path = Core/CompositeFont.m; sourceTree = "<group>"; };
		87472C8C177DB81400899C6C /* Type0Font.h */ = {isa = PBXFileReference; fileEncoding = 4; lastKnownFileType = sourcecode.c.h; name = Type0Font.h; path = Core/Type0Font.h; sourceTree = "<group>"; };
		87472C8D177DB81400899C6C /* Type0Font.m */ = {isa = PBXFileReference; fileEncoding = 4; lastKnownFileType = sourcecode.c.objc; name = Type0Font.m; path = Core/Type0Font.m; sourceTree = "<group>"; };
		87472C91177DB82900899C6C /* CIDFont.h */ = {isa = PBXFileReference; fileEncoding = 4; lastKnownFileType = sourcecode.c.h; name = CIDFont.h; path = Core/CIDFont.h; sourceTree = "<group>"; };
		87472C92177DB82900899C6C /* CIDFont.m */ = {isa = PBXFileReference; fileEncoding = 4; lastKnownFileType = sourcecode.c.objc; name = CIDFont.m; path = Core/CIDFont.m; sourceTree = "<group>"; };
		87472C93177DB82900899C6C /* CIDType0Font.h */ = {isa = PBXFileReference; fileEncoding = 4; lastKnownFileType = sourcecode.c.h; name = CIDType0Font.h; path = Core/CIDType0Font.h; sourceTree = "<group>"; };
		87472C94177DB82900899C6C /* CIDType0Font.m */ = {isa = PBXFileReference; fileEncoding = 4; lastKnownFileType = sourcecode.c.objc; name = CIDType0Font.m; path = Core/CIDType0Font.m; sourceTree = "<group>"; };
		87472C95177DB82900899C6C /* CIDType2Font.h */ = {isa = PBXFileReference; fileEncoding = 4; lastKnownFileType = sourcecode.c.h; name = CIDType2Font.h; path = Core/CIDType2Font.h; sourceTree = "<group>"; };
		87472C96177DB82900899C6C /* CIDType2Font.m */ = {isa = PBXFileReference; fileEncoding = 4; lastKnownFileType = sourcecode.c.objc; name = CIDType2Font.m; path = Core/CIDType2Font.m; sourceTree = "<group>"; };
		87472C9A177DB83D00899C6C /* MMType1Font.h */ = {isa = PBXFileReference; fileEncoding = 4; lastKnownFileType = sourcecode.c.h; name = MMType1Font.h; path = Core/MMType1Font.h; sourceTree = "<group>"; };
		87472C9B177DB83D00899C6C /* MMType1Font.m */ = {isa = PBXFileReference; fileEncoding = 4; lastKnownFileType = sourcecode.c.objc; name = MMType1Font.m; path = Core/MMType1Font.m; sourceTree = "<group>"; };
		87472C9C177DB83D00899C6C /* SimpleFont.h */ = {isa = PBXFileReference; fileEncoding = 4; lastKnownFileType = sourcecode.c.h; name = SimpleFont.h; path = Core/SimpleFont.h; sourceTree = "<group>"; };
		87472C9D177DB83D00899C6C /* SimpleFont.m */ = {isa = PBXFileReference; fileEncoding = 4; lastKnownFileType = sourcecode.c.objc; name = SimpleFont.m; path = Core/SimpleFont.m; sourceTree = "<group>"; };
		87472C9E177DB83D00899C6C /* TrueTypeFont.h */ = {isa = PBXFileReference; fileEncoding = 4; lastKnownFileType = sourcecode.c.h; name = TrueTypeFont.h; path = Core/TrueTypeFont.h; sourceTree = "<group>"; };
		87472C9F177DB83D00899C6C /* TrueTypeFont.m */ = {isa = PBXFileReference; fileEncoding = 4; lastKnownFileType = sourcecode.c.objc; name = TrueTypeFont.m; path = Core/TrueTypeFont.m; sourceTree = "<group>"; };
		87472CA0177DB83D00899C6C /* Type1Font.h */ = {isa = PBXFileReference; fileEncoding = 4; lastKnownFileType = sourcecode.c.h; name = Type1Font.h; path = Core/Type1Font.h; sourceTree = "<group>"; };
		87472CA1177DB83D00899C6C /* Type1Font.m */ = {isa = PBXFileReference; fileEncoding = 4; lastKnownFileType = sourcecode.c.objc; name = Type1Font.m; path = Core/Type1Font.m; sourceTree = "<group>"; };
		87472CA2177DB83D00899C6C /* Type3Font.h */ = {isa = PBXFileReference; fileEncoding = 4; lastKnownFileType = sourcecode.c.h; name = Type3Font.h; path = Core/Type3Font.h; sourceTree = "<group>"; };
		87472CA3177DB83D00899C6C /* Type3Font.m */ = {isa = PBXFileReference; fileEncoding = 4; lastKnownFileType = sourcecode.c.objc; name = Type3Font.m; path = Core/Type3Font.m; sourceTree = "<group>"; };
		87D5998317813B630087E81B /* PDFEncodingDifferences.h */ = {isa = PBXFileReference; fileEncoding = 4; lastKnownFileType = sourcecode.c.h; name = PDFEncodingDifferences.h; path = Core/PDFEncodingDifferences.h; sourceTree = "<group>"; };
		87D5998417813B630087E81B /* PDFEncodingDifferences.m */ = {isa = PBXFileReference; fileEncoding = 4; lastKnownFileType = sourcecode.c.objc; name = PDFEncodingDifferences.m; path = Core/PDFEncodingDifferences.m; sourceTree = "<group>"; };
		87D5998D17813C0C0087E81B /* adobe_charset */ = {isa = PBXFileReference; fileEncoding = 4; lastKnownFileType = text; name = adobe_charset; path = resources/adobe_charset; sourceTree = "<group>"; };
		87D5998E17813C0C0087E81B /* adobe_glyphs */ = {isa = PBXFileReference; fileEncoding = 4; lastKnownFileType = text; name = adobe_glyphs; path = resources/adobe_glyphs; sourceTree = "<group>"; };
		87FD1535177DAEDA00070AAA /* libPDFKittenLib.a */ = {isa = PBXFileReference; explicitFileType = archive.ar; includeInIndex = 0; path = libPDFKittenLib.a; sourceTree = BUILT_PRODUCTS_DIR; };
		87FD1549177DB0B000070AAA /* PDFKittenLib-Prefix.pch */ = {isa = PBXFileReference; fileEncoding = 4; lastKnownFileType = sourcecode.c.h; path = "PDFKittenLib-Prefix.pch"; sourceTree = "<group>"; };
		87FD1572177DB32200070AAA /* PDFScanner.h */ = {isa = PBXFileReference; fileEncoding = 4; lastKnownFileType = sourcecode.c.h; path = PDFScanner.h; sourceTree = "<group>"; };
		87FD1573177DB32200070AAA /* PDFScanner.m */ = {isa = PBXFileReference; fileEncoding = 4; lastKnownFileType = sourcecode.c.objc; path = PDFScanner.m; sourceTree = "<group>"; };
		87FD1574177DB32200070AAA /* PDFSelection.h */ = {isa = PBXFileReference; fileEncoding = 4; lastKnownFileType = sourcecode.c.h; path = PDFSelection.h; sourceTree = "<group>"; };
		87FD1575177DB32200070AAA /* PDFSelection.m */ = {isa = PBXFileReference; fileEncoding = 4; lastKnownFileType = sourcecode.c.objc; path = PDFSelection.m; sourceTree = "<group>"; };
/* End PBXFileReference section */

/* Begin PBXFrameworksBuildPhase section */
		2C0E15A413589B0B004096C7 /* Frameworks */ = {
			isa = PBXFrameworksBuildPhase;
			buildActionMask = 2147483647;
			files = (
				87FD158B177DB55800070AAA /* libPDFKittenLib.a in Frameworks */,
				2C0E15AC13589B0B004096C7 /* UIKit.framework in Frameworks */,
				2C0E15AE13589B0B004096C7 /* Foundation.framework in Frameworks */,
				2C0E15B013589B0B004096C7 /* CoreGraphics.framework in Frameworks */,
				2C855590137B336C00D58482 /* QuartzCore.framework in Frameworks */,
				2C38D8E713EF370700718B0D /* Security.framework in Frameworks */,
			);
			runOnlyForDeploymentPostprocessing = 0;
		};
		2C35AD6A167E02E000BA5F79 /* Frameworks */ = {
			isa = PBXFrameworksBuildPhase;
			buildActionMask = 2147483647;
			files = (
				2C35AD6F167E02E000BA5F79 /* SenTestingKit.framework in Frameworks */,
				2C35AD70167E02E000BA5F79 /* UIKit.framework in Frameworks */,
				2C35AD71167E02E000BA5F79 /* Foundation.framework in Frameworks */,
			);
			runOnlyForDeploymentPostprocessing = 0;
		};
		87FD1532177DAEDA00070AAA /* Frameworks */ = {
			isa = PBXFrameworksBuildPhase;
			buildActionMask = 2147483647;
			files = (
				87FD1548177DB09600070AAA /* QuartzCore.framework in Frameworks */,
				87FD1547177DB08F00070AAA /* CoreGraphics.framework in Frameworks */,
				87FD1546177DB08900070AAA /* UIKit.framework in Frameworks */,
				87FD1545177DB04C00070AAA /* Security.framework in Frameworks */,
				87FD1536177DAEDA00070AAA /* Foundation.framework in Frameworks */,
			);
			runOnlyForDeploymentPostprocessing = 0;
		};
/* End PBXFrameworksBuildPhase section */

/* Begin PBXGroup section */
		2C0E159C13589B0B004096C7 = {
			isa = PBXGroup;
			children = (
				87D5998C17813BEE0087E81B /* resources */,
				2C0E15B113589B0B004096C7 /* PDFKitten */,
				2C35AD72167E02E000BA5F79 /* PDFKittenTests */,
				87FD1537177DAEDA00070AAA /* PDFKittenLib */,
				2C0E15AA13589B0B004096C7 /* Frameworks */,
				2C0E15A813589B0B004096C7 /* Products */,
			);
			sourceTree = "<group>";
		};
		2C0E15A813589B0B004096C7 /* Products */ = {
			isa = PBXGroup;
			children = (
				2CE7BC491389674B009784B9 /* PDFKitten.app */,
				2C35AD6E167E02E000BA5F79 /* PDFKittenTests.octest */,
				87FD1535177DAEDA00070AAA /* libPDFKittenLib.a */,
			);
			name = Products;
			sourceTree = "<group>";
		};
		2C0E15AA13589B0B004096C7 /* Frameworks */ = {
			isa = PBXGroup;
			children = (
				2C38D8E613EF370700718B0D /* Security.framework */,
				2C85558F137B336C00D58482 /* QuartzCore.framework */,
				2C0E15AB13589B0B004096C7 /* UIKit.framework */,
				2C0E15AD13589B0B004096C7 /* Foundation.framework */,
				2C0E15AF13589B0B004096C7 /* CoreGraphics.framework */,
				2C754C9D14B3A1D700105B5E /* SenTestingKit.framework */,
			);
			name = Frameworks;
			sourceTree = "<group>";
		};
		2C0E15B113589B0B004096C7 /* PDFKitten */ = {
			isa = PBXGroup;
			children = (
				2C0E15B213589B0B004096C7 /* View Controllers */,
				2CA0FC9A13EEB1430028DCCD /* Resources */,
				2CA0FC9E13EEB1910028DCCD /* Other Sources */,
			);
			name = PDFKitten;
			path = PDFDemo;
			sourceTree = "<group>";
		};
		2C0E15B213589B0B004096C7 /* View Controllers */ = {
			isa = PBXGroup;
			children = (
				2C12935213E585F00090C70F /* PageViewController */,
				2CA0FC9213EEB11B0028DCCD /* RootViewController.h */,
				2CA0FC9313EEB11B0028DCCD /* RootViewController.m */,
				2CC77EBF14560E2D000E9B8E /* PDFPageDetailsView.h */,
				2CC77EC014560E2E000E9B8E /* PDFPageDetailsView.m */,
				2C47505C13F3E48200BC2DB9 /* DocumentsView.h */,
				2C47505D13F3E48200BC2DB9 /* DocumentsView.m */,
				2CE7BCA313896EFB009784B9 /* PDFKittenAppDelegate.h */,
				2CE7BCA413896EFB009784B9 /* PDFKittenAppDelegate.m */,
			);
			name = "View Controllers";
			sourceTree = "<group>";
		};
		2C12935213E585F00090C70F /* PageViewController */ = {
			isa = PBXGroup;
			children = (
				2CA0FC9513EEB1210028DCCD /* PDFPage.h */,
				2CA0FC9613EEB1210028DCCD /* PDFPage.m */,
				2CA0FC9F13EEB1B80028DCCD /* Page.h */,
				2CA0FCA013EEB1B80028DCCD /* Page.m */,
				2CE7BC9A13896EF0009784B9 /* PageView.h */,
				2CE7BC9B13896EF0009784B9 /* PageView.m */,
				2CA0FCA213EEB1BF0028DCCD /* PageViewController.h */,
				2CA0FCA313EEB1C00028DCCD /* PageViewController.m */,
				2CA0FCA413EEB1C00028DCCD /* PageViewController.xib */,
			);
			name = PageViewController;
			sourceTree = "<group>";
		};
		2C35AD72167E02E000BA5F79 /* PDFKittenTests */ = {
			isa = PBXGroup;
			children = (
				2C35AD81167E055A00BA5F79 /* StringDetectorTest.h */,
				2C35AD82167E055A00BA5F79 /* StringDetectorTest.m */,
				2C35AD73167E02E000BA5F79 /* Supporting Files */,
			);
			path = PDFKittenTests;
			sourceTree = "<group>";
		};
		2C35AD73167E02E000BA5F79 /* Supporting Files */ = {
			isa = PBXGroup;
			children = (
				2C1BB5CB168B91F50026F266 /* KurtStory.txt */,
				2C35AD74167E02E000BA5F79 /* PDFKittenTests-Info.plist */,
				2C35AD75167E02E000BA5F79 /* InfoPlist.strings */,
				2C35AD7B167E02E000BA5F79 /* PDFKittenTests-Prefix.pch */,
			);
			name = "Supporting Files";
			sourceTree = "<group>";
		};
		2CA0FC9A13EEB1430028DCCD /* Resources */ = {
			isa = PBXGroup;
			children = (
				2C77F7B31442381300767E6A /* Kurt the Cat.pdf */,
				2CDC3F7A138977C0006CC6FB /* InfoPlist.strings */,
				2CE7BCAA13896EFB009784B9 /* PDFKitten-Info.plist */,
				2CDC3F7C138977C0006CC6FB /* MainWindow.xib */,
			);
			name = Resources;
			sourceTree = "<group>";
		};
		2CA0FC9E13EEB1910028DCCD /* Other Sources */ = {
			isa = PBXGroup;
			children = (
				2CE7BC9F13896EFB009784B9 /* PDFKitten-Prefix.pch */,
				2CE7BCA013896EFB009784B9 /* main.m */,
			);
			name = "Other Sources";
			sourceTree = "<group>";
		};
		87472C6B177DB6CA00899C6C /* Font */ = {
			isa = PBXGroup;
			children = (
				87D5998317813B630087E81B /* PDFEncodingDifferences.h */,
				87D5998417813B630087E81B /* PDFEncodingDifferences.m */,
				87472C7B177DB80200899C6C /* FontFile.h */,
				87472C7C177DB80200899C6C /* FontFile.m */,
				87472C7D177DB80200899C6C /* PDFCMap.h */,
				87472C7E177DB80200899C6C /* PDFCMap.m */,
				87472C7F177DB80200899C6C /* PDFFont.h */,
				87472C80177DB80200899C6C /* PDFFont.m */,
				87472C81177DB80200899C6C /* PDFFontCollection.h */,
				87472C82177DB80200899C6C /* PDFFontCollection.m */,
				87472C83177DB80200899C6C /* PDFFontDescriptor.h */,
				87472C84177DB80200899C6C /* PDFFontDescriptor.m */,
				87472C6E177DB71F00899C6C /* Subtypes */,
			);
			name = Font;
			sourceTree = "<group>";
		};
		87472C6C177DB6D200899C6C /* RenderingState */ = {
			isa = PBXGroup;
			children = (
				87472C75177DB7EE00899C6C /* PDFRenderingState.h */,
				87472C76177DB7EE00899C6C /* PDFRenderingState.m */,
				87472C77177DB7EE00899C6C /* RenderingStateStack.h */,
				87472C78177DB7EE00899C6C /* RenderingStateStack.m */,
			);
			name = RenderingState;
			sourceTree = "<group>";
		};
		87472C6D177DB6DA00899C6C /* StringDetector */ = {
			isa = PBXGroup;
			children = (
				87472C71177DB7DF00899C6C /* PDFStringDetector.h */,
				87472C72177DB7DF00899C6C /* PDFStringDetector.m */,
				87472C73177DB7DF00899C6C /* PDFStringDetectorDelegate.h */,
			);
			name = StringDetector;
			sourceTree = "<group>";
		};
		87472C6E177DB71F00899C6C /* Subtypes */ = {
			isa = PBXGroup;
			children = (
				87472C6F177DB72B00899C6C /* Composite Fonts */,
				87472C70177DB73300899C6C /* Simple Fonts */,
			);
			name = Subtypes;
			sourceTree = "<group>";
		};
		87472C6F177DB72B00899C6C /* Composite Fonts */ = {
			isa = PBXGroup;
			children = (
				87472C91177DB82900899C6C /* CIDFont.h */,
				87472C92177DB82900899C6C /* CIDFont.m */,
				87472C93177DB82900899C6C /* CIDType0Font.h */,
				87472C94177DB82900899C6C /* CIDType0Font.m */,
				87472C95177DB82900899C6C /* CIDType2Font.h */,
				87472C96177DB82900899C6C /* CIDType2Font.m */,
				87472C8A177DB81400899C6C /* CompositeFont.h */,
				87472C8B177DB81400899C6C /* CompositeFont.m */,
				87472C8C177DB81400899C6C /* Type0Font.h */,
				87472C8D177DB81400899C6C /* Type0Font.m */,
			);
			name = "Composite Fonts";
			sourceTree = "<group>";
		};
		87472C70177DB73300899C6C /* Simple Fonts */ = {
			isa = PBXGroup;
			children = (
				87472C9A177DB83D00899C6C /* MMType1Font.h */,
				87472C9B177DB83D00899C6C /* MMType1Font.m */,
				87472C9C177DB83D00899C6C /* SimpleFont.h */,
				87472C9D177DB83D00899C6C /* SimpleFont.m */,
				87472C9E177DB83D00899C6C /* TrueTypeFont.h */,
				87472C9F177DB83D00899C6C /* TrueTypeFont.m */,
				87472CA0177DB83D00899C6C /* Type1Font.h */,
				87472CA1177DB83D00899C6C /* Type1Font.m */,
				87472CA2177DB83D00899C6C /* Type3Font.h */,
				87472CA3177DB83D00899C6C /* Type3Font.m */,
			);
			name = "Simple Fonts";
			sourceTree = "<group>";
		};
		87D5998C17813BEE0087E81B /* resources */ = {
			isa = PBXGroup;
			children = (
				87D5998D17813C0C0087E81B /* adobe_charset */,
				87D5998E17813C0C0087E81B /* adobe_glyphs */,
			);
			name = resources;
			sourceTree = "<group>";
		};
		87FD1537177DAEDA00070AAA /* PDFKittenLib */ = {
			isa = PBXGroup;
			children = (
				87472C6D177DB6DA00899C6C /* StringDetector */,
				87472C6C177DB6D200899C6C /* RenderingState */,
				87472C6B177DB6CA00899C6C /* Font */,
				87FD1572177DB32200070AAA /* PDFScanner.h */,
				87FD1573177DB32200070AAA /* PDFScanner.m */,
				87FD1574177DB32200070AAA /* PDFSelection.h */,
				87FD1575177DB32200070AAA /* PDFSelection.m */,
				87FD1538177DAEDA00070AAA /* Supporting Files */,
			);
			path = PDFKittenLib;
			sourceTree = "<group>";
		};
		87FD1538177DAEDA00070AAA /* Supporting Files */ = {
			isa = PBXGroup;
			children = (
				87FD1549177DB0B000070AAA /* PDFKittenLib-Prefix.pch */,
			);
			name = "Supporting Files";
			sourceTree = "<group>";
		};
/* End PBXGroup section */

/* Begin PBXNativeTarget section */
		2C0E15A613589B0B004096C7 /* PDFKitten */ = {
			isa = PBXNativeTarget;
			buildConfigurationList = 2C0E15DE13589B0C004096C7 /* Build configuration list for PBXNativeTarget "PDFKitten" */;
			buildPhases = (
				2C0E15A313589B0B004096C7 /* Sources */,
				2C0E15A413589B0B004096C7 /* Frameworks */,
				2C0E15A513589B0B004096C7 /* Resources */,
			);
			buildRules = (
			);
			dependencies = (
				87FD158A177DB55400070AAA /* PBXTargetDependency */,
			);
			name = PDFKitten;
			productName = PDFDemo;
			productReference = 2CE7BC491389674B009784B9 /* PDFKitten.app */;
			productType = "com.apple.product-type.application";
		};
		2C35AD6D167E02E000BA5F79 /* PDFKittenTests */ = {
			isa = PBXNativeTarget;
			buildConfigurationList = 2C35AD7C167E02E000BA5F79 /* Build configuration list for PBXNativeTarget "PDFKittenTests" */;
			buildPhases = (
				2C35AD69167E02E000BA5F79 /* Sources */,
				2C35AD6A167E02E000BA5F79 /* Frameworks */,
				2C35AD6B167E02E000BA5F79 /* Resources */,
				2C35AD6C167E02E000BA5F79 /* ShellScript */,
			);
			buildRules = (
			);
			dependencies = (
				2C35AD80167E035B00BA5F79 /* PBXTargetDependency */,
			);
			name = PDFKittenTests;
			productName = PDFKittenTests;
			productReference = 2C35AD6E167E02E000BA5F79 /* PDFKittenTests.octest */;
			productType = "com.apple.product-type.bundle";
		};
		87FD1534177DAEDA00070AAA /* PDFKittenLib */ = {
			isa = PBXNativeTarget;
			buildConfigurationList = 87FD1540177DAEDA00070AAA /* Build configuration list for PBXNativeTarget "PDFKittenLib" */;
			buildPhases = (
				87FD1531177DAEDA00070AAA /* Sources */,
				87FD1532177DAEDA00070AAA /* Frameworks */,
				87FD1533177DAEDA00070AAA /* CopyFiles */,
			);
			buildRules = (
			);
			dependencies = (
			);
			name = PDFKittenLib;
			productName = PDFKittenLib;
			productReference = 87FD1535177DAEDA00070AAA /* libPDFKittenLib.a */;
			productType = "com.apple.product-type.library.static";
		};
/* End PBXNativeTarget section */

/* Begin PBXProject section */
		2C0E159E13589B0B004096C7 /* Project object */ = {
			isa = PBXProject;
			attributes = {
				LastUpgradeCheck = 0450;
				ORGANIZATIONNAME = "Chalmers Göteborg";
			};
			buildConfigurationList = 2C0E15A113589B0B004096C7 /* Build configuration list for PBXProject "PDFKitten" */;
			compatibilityVersion = "Xcode 3.2";
			developmentRegion = English;
			hasScannedForEncodings = 0;
			knownRegions = (
				en,
			);
			mainGroup = 2C0E159C13589B0B004096C7;
			productRefGroup = 2C0E15A813589B0B004096C7 /* Products */;
			projectDirPath = "";
			projectRoot = "";
			targets = (
				2C0E15A613589B0B004096C7 /* PDFKitten */,
				2C35AD6D167E02E000BA5F79 /* PDFKittenTests */,
				87FD1534177DAEDA00070AAA /* PDFKittenLib */,
			);
		};
/* End PBXProject section */

/* Begin PBXResourcesBuildPhase section */
		2C0E15A513589B0B004096C7 /* Resources */ = {
			isa = PBXResourcesBuildPhase;
			buildActionMask = 2147483647;
			files = (
				2CDC3F80138977C1006CC6FB /* InfoPlist.strings in Resources */,
				2CDC3F81138977C1006CC6FB /* MainWindow.xib in Resources */,
				2CA0FCA613EEB1C00028DCCD /* PageViewController.xib in Resources */,
				2C77F7B41442381300767E6A /* Kurt the Cat.pdf in Resources */,
				87D5998F17813C0C0087E81B /* adobe_charset in Resources */,
				87D5999017813C0C0087E81B /* adobe_glyphs in Resources */,
			);
			runOnlyForDeploymentPostprocessing = 0;
		};
		2C35AD6B167E02E000BA5F79 /* Resources */ = {
			isa = PBXResourcesBuildPhase;
			buildActionMask = 2147483647;
			files = (
				2C1BB5CE168B97960026F266 /* KurtStory.txt in Resources */,
				2C35AD77167E02E000BA5F79 /* InfoPlist.strings in Resources */,
			);
			runOnlyForDeploymentPostprocessing = 0;
		};
/* End PBXResourcesBuildPhase section */

/* Begin PBXShellScriptBuildPhase section */
		2C35AD6C167E02E000BA5F79 /* ShellScript */ = {
			isa = PBXShellScriptBuildPhase;
			buildActionMask = 2147483647;
			files = (
			);
			inputPaths = (
			);
			outputPaths = (
			);
			runOnlyForDeploymentPostprocessing = 0;
			shellPath = /bin/sh;
			shellScript = "# Run the unit tests in this test bundle.\n\"${SYSTEM_DEVELOPER_DIR}/Tools/RunUnitTests\"\n";
		};
/* End PBXShellScriptBuildPhase section */

/* Begin PBXSourcesBuildPhase section */
		2C0E15A313589B0B004096C7 /* Sources */ = {
			isa = PBXSourcesBuildPhase;
			buildActionMask = 2147483647;
			files = (
				2CE7BC9D13896EF0009784B9 /* PageView.m in Sources */,
				2CE7BCAF13896EFB009784B9 /* main.m in Sources */,
				2CE7BCB113896EFB009784B9 /* PDFKittenAppDelegate.m in Sources */,
				2CA0FC9413EEB11B0028DCCD /* RootViewController.m in Sources */,
				2CA0FC9713EEB1210028DCCD /* PDFPage.m in Sources */,
				2CA0FCA113EEB1B80028DCCD /* Page.m in Sources */,
				2CA0FCA513EEB1C00028DCCD /* PageViewController.m in Sources */,
				2C47505F13F3E48200BC2DB9 /* DocumentsView.m in Sources */,
				2CC77EC114560E2E000E9B8E /* PDFPageDetailsView.m in Sources */,
			);
			runOnlyForDeploymentPostprocessing = 0;
		};
		2C35AD69167E02E000BA5F79 /* Sources */ = {
			isa = PBXSourcesBuildPhase;
			buildActionMask = 2147483647;
			files = (
				2C35AD83167E055A00BA5F79 /* StringDetectorTest.m in Sources */,
			);
			runOnlyForDeploymentPostprocessing = 0;
		};
		87FD1531177DAEDA00070AAA /* Sources */ = {
			isa = PBXSourcesBuildPhase;
			buildActionMask = 2147483647;
			files = (
				87FD1576177DB32200070AAA /* PDFScanner.m in Sources */,
				87FD1577177DB32200070AAA /* PDFSelection.m in Sources */,
				87472C74177DB7DF00899C6C /* PDFStringDetector.m in Sources */,
				87472C79177DB7EE00899C6C /* PDFRenderingState.m in Sources */,
				87472C7A177DB7EE00899C6C /* RenderingStateStack.m in Sources */,
				87472C85177DB80200899C6C /* FontFile.m in Sources */,
				87472C86177DB80200899C6C /* PDFCMap.m in Sources */,
				87472C87177DB80200899C6C /* PDFFont.m in Sources */,
				87472C88177DB80200899C6C /* PDFFontCollection.m in Sources */,
				87472C89177DB80200899C6C /* PDFFontDescriptor.m in Sources */,
				87472C8E177DB81400899C6C /* CompositeFont.m in Sources */,
				87472C8F177DB81400899C6C /* Type0Font.m in Sources */,
				87472C97177DB82900899C6C /* CIDFont.m in Sources */,
				87472C98177DB82900899C6C /* CIDType0Font.m in Sources */,
				87472C99177DB82900899C6C /* CIDType2Font.m in Sources */,
				87472CA4177DB83D00899C6C /* MMType1Font.m in Sources */,
				87472CA5177DB83D00899C6C /* SimpleFont.m in Sources */,
				87472CA6177DB83D00899C6C /* TrueTypeFont.m in Sources */,
				87472CA7177DB83D00899C6C /* Type1Font.m in Sources */,
				87472CA8177DB83D00899C6C /* Type3Font.m in Sources */,
				87D5998517813B630087E81B /* PDFEncodingDifferences.m in Sources */,
			);
			runOnlyForDeploymentPostprocessing = 0;
		};
/* End PBXSourcesBuildPhase section */

/* Begin PBXTargetDependency section */
		2C35AD80167E035B00BA5F79 /* PBXTargetDependency */ = {
			isa = PBXTargetDependency;
			target = 2C0E15A613589B0B004096C7 /* PDFKitten */;
			targetProxy = 2C35AD7F167E035B00BA5F79 /* PBXContainerItemProxy */;
		};
		87FD158A177DB55400070AAA /* PBXTargetDependency */ = {
			isa = PBXTargetDependency;
			target = 87FD1534177DAEDA00070AAA /* PDFKittenLib */;
			targetProxy = 87FD1589177DB55400070AAA /* PBXContainerItemProxy */;
		};
/* End PBXTargetDependency section */

/* Begin PBXVariantGroup section */
		2C35AD75167E02E000BA5F79 /* InfoPlist.strings */ = {
			isa = PBXVariantGroup;
			children = (
				2C35AD76167E02E000BA5F79 /* en */,
			);
			name = InfoPlist.strings;
			sourceTree = "<group>";
		};
		2CDC3F7A138977C0006CC6FB /* InfoPlist.strings */ = {
			isa = PBXVariantGroup;
			children = (
				2CDC3F7B138977C0006CC6FB /* en */,
			);
			name = InfoPlist.strings;
			sourceTree = "<group>";
		};
		2CDC3F7C138977C0006CC6FB /* MainWindow.xib */ = {
			isa = PBXVariantGroup;
			children = (
				2CDC3F7D138977C1006CC6FB /* en */,
			);
			name = MainWindow.xib;
			sourceTree = "<group>";
		};
/* End PBXVariantGroup section */

/* Begin XCBuildConfiguration section */
		2C0E15DC13589B0C004096C7 /* Debug */ = {
			isa = XCBuildConfiguration;
			buildSettings = {
				ARCHS = "$(ARCHS_UNIVERSAL_IPHONE_OS)";
				GCC_C_LANGUAGE_STANDARD = gnu99;
				GCC_OPTIMIZATION_LEVEL = 0;
				GCC_PREPROCESSOR_DEFINITIONS = DEBUG;
				GCC_SYMBOLS_PRIVATE_EXTERN = NO;
				GCC_VERSION = com.apple.compilers.llvmgcc42;
				GCC_WARN_ABOUT_RETURN_TYPE = YES;
				GCC_WARN_UNUSED_VARIABLE = YES;
				IPHONEOS_DEPLOYMENT_TARGET = 5.0;
				SDKROOT = iphoneos;
				TARGETED_DEVICE_FAMILY = 2;
			};
			name = Debug;
		};
		2C0E15DD13589B0C004096C7 /* Release */ = {
			isa = XCBuildConfiguration;
			buildSettings = {
				ARCHS = "$(ARCHS_UNIVERSAL_IPHONE_OS)";
				GCC_C_LANGUAGE_STANDARD = gnu99;
				GCC_VERSION = com.apple.compilers.llvmgcc42;
				GCC_WARN_ABOUT_RETURN_TYPE = YES;
				GCC_WARN_UNUSED_VARIABLE = YES;
				IPHONEOS_DEPLOYMENT_TARGET = 5.0;
				OTHER_CFLAGS = "-DNS_BLOCK_ASSERTIONS=1";
				SDKROOT = iphoneos;
				TARGETED_DEVICE_FAMILY = 2;
			};
			name = Release;
		};
		2C0E15DF13589B0C004096C7 /* Debug */ = {
			isa = XCBuildConfiguration;
			buildSettings = {
				ALWAYS_SEARCH_USER_PATHS = NO;
				COPY_PHASE_STRIP = NO;
				FRAMEWORK_SEARCH_PATHS = (
					"$(inherited)",
					"\"$(SRCROOT)\"",
				);
				GCC_DYNAMIC_NO_PIC = NO;
				GCC_PRECOMPILE_PREFIX_HEADER = YES;
				GCC_PREFIX_HEADER = "PDFKitten/PDFKitten-Prefix.pch";
				GCC_VERSION = com.apple.compilers.llvm.clang.1_0;
				INFOPLIST_FILE = "PDFKitten/PDFKitten-Info.plist";
				IPHONEOS_DEPLOYMENT_TARGET = 4.3;
				PRODUCT_NAME = PDFKitten;
				WRAPPER_EXTENSION = app;
			};
			name = Debug;
		};
		2C0E15E013589B0C004096C7 /* Release */ = {
			isa = XCBuildConfiguration;
			buildSettings = {
				ALWAYS_SEARCH_USER_PATHS = NO;
				COPY_PHASE_STRIP = YES;
				FRAMEWORK_SEARCH_PATHS = (
					"$(inherited)",
					"\"$(SRCROOT)\"",
				);
				GCC_PRECOMPILE_PREFIX_HEADER = YES;
				GCC_PREFIX_HEADER = "PDFKitten/PDFKitten-Prefix.pch";
				GCC_VERSION = com.apple.compilers.llvm.clang.1_0;
				INFOPLIST_FILE = "PDFKitten/PDFKitten-Info.plist";
				IPHONEOS_DEPLOYMENT_TARGET = 4.3;
				PRODUCT_NAME = PDFKitten;
				VALIDATE_PRODUCT = YES;
				WRAPPER_EXTENSION = app;
			};
			name = Release;
		};
		2C35AD7D167E02E000BA5F79 /* Debug */ = {
			isa = XCBuildConfiguration;
			buildSettings = {
				ALWAYS_SEARCH_USER_PATHS = NO;
				BUNDLE_LOADER = "$(BUILT_PRODUCTS_DIR)/PDFKitten.app/PDFKitten";
				CLANG_CXX_LANGUAGE_STANDARD = "gnu++0x";
				CLANG_CXX_LIBRARY = "libc++";
				CLANG_WARN_EMPTY_BODY = YES;
				CLANG_WARN__DUPLICATE_METHOD_MATCH = YES;
				COPY_PHASE_STRIP = NO;
				FRAMEWORK_SEARCH_PATHS = (
					"\"$(SDKROOT)/Developer/Library/Frameworks\"",
					"\"$(DEVELOPER_LIBRARY_DIR)/Frameworks\"",
				);
				GCC_DYNAMIC_NO_PIC = NO;
				GCC_PRECOMPILE_PREFIX_HEADER = YES;
				GCC_PREFIX_HEADER = "PDFKittenTests/PDFKittenTests-Prefix.pch";
				GCC_PREPROCESSOR_DEFINITIONS = (
					"DEBUG=1",
					"$(inherited)",
				);
				GCC_VERSION = com.apple.compilers.llvm.clang.1_0;
				INFOPLIST_FILE = "PDFKittenTests/PDFKittenTests-Info.plist";
				IPHONEOS_DEPLOYMENT_TARGET = 6.0;
				ONLY_ACTIVE_ARCH = YES;
				PRODUCT_NAME = "$(TARGET_NAME)";
				TEST_HOST = "$(BUNDLE_LOADER)";
				WRAPPER_EXTENSION = octest;
			};
			name = Debug;
		};
		2C35AD7E167E02E000BA5F79 /* Release */ = {
			isa = XCBuildConfiguration;
			buildSettings = {
				ALWAYS_SEARCH_USER_PATHS = NO;
				BUNDLE_LOADER = "$(BUILT_PRODUCTS_DIR)/PDFKitten.app/PDFKitten";
				CLANG_CXX_LANGUAGE_STANDARD = "gnu++0x";
				CLANG_CXX_LIBRARY = "libc++";
				CLANG_WARN_EMPTY_BODY = YES;
				CLANG_WARN__DUPLICATE_METHOD_MATCH = YES;
				COPY_PHASE_STRIP = YES;
				FRAMEWORK_SEARCH_PATHS = (
					"\"$(SDKROOT)/Developer/Library/Frameworks\"",
					"\"$(DEVELOPER_LIBRARY_DIR)/Frameworks\"",
				);
				GCC_PRECOMPILE_PREFIX_HEADER = YES;
				GCC_PREFIX_HEADER = "PDFKittenTests/PDFKittenTests-Prefix.pch";
				GCC_VERSION = com.apple.compilers.llvm.clang.1_0;
				INFOPLIST_FILE = "PDFKittenTests/PDFKittenTests-Info.plist";
				IPHONEOS_DEPLOYMENT_TARGET = 6.0;
				PRODUCT_NAME = "$(TARGET_NAME)";
				TEST_HOST = "$(BUNDLE_LOADER)";
				VALIDATE_PRODUCT = YES;
				WRAPPER_EXTENSION = octest;
			};
			name = Release;
		};
		87FD153E177DAEDA00070AAA /* Debug */ = {
			isa = XCBuildConfiguration;
			buildSettings = {
				ALWAYS_SEARCH_USER_PATHS = NO;
				CLANG_CXX_LANGUAGE_STANDARD = "gnu++0x";
				CLANG_CXX_LIBRARY = "libc++";
				CLANG_WARN_CONSTANT_CONVERSION = YES;
				CLANG_WARN_EMPTY_BODY = YES;
				CLANG_WARN_ENUM_CONVERSION = YES;
				CLANG_WARN_INT_CONVERSION = YES;
				CLANG_WARN__DUPLICATE_METHOD_MATCH = YES;
				COPY_PHASE_STRIP = NO;
				DSTROOT = /tmp/PDFKittenLib.dst;
				GCC_DYNAMIC_NO_PIC = NO;
				GCC_PRECOMPILE_PREFIX_HEADER = YES;
				GCC_PREFIX_HEADER = "PDFKittenLib/PDFKittenLib-Prefix.pch";
				GCC_PREPROCESSOR_DEFINITIONS = (
					"DEBUG=1",
					"$(inherited)",
				);
				GCC_VERSION = com.apple.compilers.llvm.clang.1_0;
				GCC_WARN_UNINITIALIZED_AUTOS = YES;
				IPHONEOS_DEPLOYMENT_TARGET = 6.1;
				ONLY_ACTIVE_ARCH = YES;
				OTHER_LDFLAGS = "-ObjC";
				PRODUCT_NAME = "$(TARGET_NAME)";
				SKIP_INSTALL = YES;
			};
			name = Debug;
		};
		87FD153F177DAEDA00070AAA /* Release */ = {
			isa = XCBuildConfiguration;
			buildSettings = {
				ALWAYS_SEARCH_USER_PATHS = NO;
				CLANG_CXX_LANGUAGE_STANDARD = "gnu++0x";
				CLANG_CXX_LIBRARY = "libc++";
				CLANG_WARN_CONSTANT_CONVERSION = YES;
				CLANG_WARN_EMPTY_BODY = YES;
				CLANG_WARN_ENUM_CONVERSION = YES;
				CLANG_WARN_INT_CONVERSION = YES;
				CLANG_WARN__DUPLICATE_METHOD_MATCH = YES;
				COPY_PHASE_STRIP = YES;
				DSTROOT = /tmp/PDFKittenLib.dst;
				GCC_PRECOMPILE_PREFIX_HEADER = YES;
				GCC_PREFIX_HEADER = "PDFKittenLib/PDFKittenLib-Prefix.pch";
				GCC_VERSION = com.apple.compilers.llvm.clang.1_0;
				GCC_WARN_UNINITIALIZED_AUTOS = YES;
				IPHONEOS_DEPLOYMENT_TARGET = 6.1;
				OTHER_LDFLAGS = "-ObjC";
				PRODUCT_NAME = "$(TARGET_NAME)";
				SKIP_INSTALL = YES;
				VALIDATE_PRODUCT = YES;
			};
			name = Release;
		};
/* End XCBuildConfiguration section */

/* Begin XCConfigurationList section */
		2C0E15A113589B0B004096C7 /* Build configuration list for PBXProject "PDFKitten" */ = {
			isa = XCConfigurationList;
			buildConfigurations = (
				2C0E15DC13589B0C004096C7 /* Debug */,
				2C0E15DD13589B0C004096C7 /* Release */,
			);
			defaultConfigurationIsVisible = 0;
			defaultConfigurationName = Release;
		};
		2C0E15DE13589B0C004096C7 /* Build configuration list for PBXNativeTarget "PDFKitten" */ = {
			isa = XCConfigurationList;
			buildConfigurations = (
				2C0E15DF13589B0C004096C7 /* Debug */,
				2C0E15E013589B0C004096C7 /* Release */,
			);
			defaultConfigurationIsVisible = 0;
			defaultConfigurationName = Release;
		};
		2C35AD7C167E02E000BA5F79 /* Build configuration list for PBXNativeTarget "PDFKittenTests" */ = {
			isa = XCConfigurationList;
			buildConfigurations = (
				2C35AD7D167E02E000BA5F79 /* Debug */,
				2C35AD7E167E02E000BA5F79 /* Release */,
			);
			defaultConfigurationIsVisible = 0;
			defaultConfigurationName = Release;
		};
		87FD1540177DAEDA00070AAA /* Build configuration list for PBXNativeTarget "PDFKittenLib" */ = {
			isa = XCConfigurationList;
			buildConfigurations = (
				87FD153E177DAEDA00070AAA /* Debug */,
				87FD153F177DAEDA00070AAA /* Release */,
			);
			defaultConfigurationIsVisible = 0;
			defaultConfigurationName = Release;
		};
/* End XCConfigurationList section */
	};
	rootObject = 2C0E159E13589B0B004096C7 /* Project object */;
}
